
Microsoft Visual Studio Solution File, Format Version 12.00
# Visual Studio Version 18
VisualStudioVersion = 18.5.11709.299 stable
MinimumVisualStudioVersion = 10.0.40219.1
Project("{FAE04EC0-301F-11D3-BF4B-00C04F79EFBC}") = "UmaParser", "UmaParser.csproj", "{247C62F9-BDDD-49C3-B4C1-053C641FF4A5}"
EndProject
Global
	GlobalSection(SolutionConfigurationPlatforms) = preSolution
		Debug|Any CPU = Debug|Any CPU
		Release|Any CPU = Release|Any CPU
	EndGlobalSection
	GlobalSection(ProjectConfigurationPlatforms) = postSolution
		{247C62F9-BDDD-49C3-B4C1-053C641FF4A5}.Debug|Any CPU.ActiveCfg = Debug|Any CPU
		{247C62F9-BDDD-49C3-B4C1-053C641FF4A5}.Debug|Any CPU.Build.0 = Debug|Any CPU
		{247C62F9-BDDD-49C3-B4C1-053C641FF4A5}.Release|Any CPU.ActiveCfg = Release|Any CPU
		{247C62F9-BDDD-49C3-B4C1-053C641FF4A5}.Release|Any CPU.Build.0 = Release|Any CPU
	EndGlobalSection
	GlobalSection(SolutionProperties) = preSolution
		HideSolutionNode = FALSE
	EndGlobalSection
	GlobalSection(ExtensibilityGlobals) = postSolution
		SolutionGuid = {46004D76-86C8-442B-8610-252A1B3951EB}
	EndGlobalSection
EndGlobal
